
Microsoft Visual Studio Solution File, Format Version 12.00
# Visual Studio Version 16
VisualStudioVersion = 16.0.30011.22
MinimumVisualStudioVersion = 10.0.40219.1
Project("{9A19103F-16F7-4668-BE54-9A1E7A4F7556}") = "DiskPart", "DiskPart\DiskPart.csproj", "{554E3847-88A3-478D-A38E-539713FAF374}"
EndProject
Project("{2150E333-8FDC-42A3-9474-1A3956D46DE8}") = "Solution Items", "Solution Items", "{5280DD54-9594-4763-806C-48B1448112D1}"
	ProjectSection(SolutionItems) = preProject
		README.md = README.md
	EndProjectSection
EndProject
Project("{FAE04EC0-301F-11D3-BF4B-00C04F79EFBC}") = "DiskPartTest", "DiskPartTest\DiskPartTest.csproj", "{025C4246-7E20-4F4C-B0BA-81AEBB9BC50B}"
EndProject
Global
	GlobalSection(SolutionConfigurationPlatforms) = preSolution
		Debug|Any CPU = Debug|Any CPU
		Release|Any CPU = Release|Any CPU
	EndGlobalSection
	GlobalSection(ProjectConfigurationPlatforms) = postSolution
		{554E3847-88A3-478D-A38E-539713FAF374}.Debug|Any CPU.ActiveCfg = Debug|Any CPU
		{554E3847-88A3-478D-A38E-539713FAF374}.Debug|Any CPU.Build.0 = Debug|Any CPU
		{554E3847-88A3-478D-A38E-539713FAF374}.Release|Any CPU.ActiveCfg = Release|Any CPU
		{554E3847-88A3-478D-A38E-539713FAF374}.Release|Any CPU.Build.0 = Release|Any CPU
		{025C4246-7E20-4F4C-B0BA-81AEBB9BC50B}.Debug|Any CPU.ActiveCfg = Debug|Any CPU
		{025C4246-7E20-4F4C-B0BA-81AEBB9BC50B}.Debug|Any CPU.Build.0 = Debug|Any CPU
		{025C4246-7E20-4F4C-B0BA-81AEBB9BC50B}.Release|Any CPU.ActiveCfg = Release|Any CPU
		{025C4246-7E20-4F4C-B0BA-81AEBB9BC50B}.Release|Any CPU.Build.0 = Release|Any CPU
	EndGlobalSection
	GlobalSection(SolutionProperties) = preSolution
		HideSolutionNode = FALSE
	EndGlobalSection
	GlobalSection(ExtensibilityGlobals) = postSolution
		SolutionGuid = {D6A34131-2F70-4930-A539-45DF51F48995}
	EndGlobalSection
EndGlobal
